
Microsoft Visual Studio Solution File, Format Version 12.00
# Visual Studio Version 16
VisualStudioVersion = 17.0.31611.283
MinimumVisualStudioVersion = 10.0.40219.1
Project("{9A19103F-16F7-4668-BE54-9A1E7A4F7556}") = "EncounterMobile", "EncounterMobile\EncounterMobile.csproj", "{CCA41E28-9686-484C-BC82-C2DD8DE8F24F}"
EndProject
Project("{FAE04EC0-301F-11D3-BF4B-00C04F79EFBC}") = "EncounterMobileUnitTests", "EncounterMobileUnitTests\EncounterMobileUnitTests.csproj", "{92DDBA7C-1C20-4120-91C1-345FC2A0B395}"
EndProject
Project("{FAE04EC0-301F-11D3-BF4B-00C04F79EFBC}") = "EncounterMobileUITests", "EncounterMobileUITests\EncounterMobileUITests.csproj", "{D948D931-556A-4F5A-9005-FE88C6433693}"
EndProject
Global
	GlobalSection(SolutionConfigurationPlatforms) = preSolution
		Debug|Any CPU = Debug|Any CPU
		Release|Any CPU = Release|Any CPU
	EndGlobalSection
	GlobalSection(ProjectConfigurationPlatforms) = postSolution
		{CCA41E28-9686-484C-BC82-C2DD8DE8F24F}.Debug|Any CPU.ActiveCfg = Debug|Any CPU
		{CCA41E28-9686-484C-BC82-C2DD8DE8F24F}.Debug|Any CPU.Build.0 = Debug|Any CPU
		{CCA41E28-9686-484C-BC82-C2DD8DE8F24F}.Debug|Any CPU.Deploy.0 = Debug|Any CPU
		{CCA41E28-9686-484C-BC82-C2DD8DE8F24F}.Release|Any CPU.ActiveCfg = Release|Any CPU
		{CCA41E28-9686-484C-BC82-C2DD8DE8F24F}.Release|Any CPU.Build.0 = Release|Any CPU
		{CCA41E28-9686-484C-BC82-C2DD8DE8F24F}.Release|Any CPU.Deploy.0 = Release|Any CPU
		{92DDBA7C-1C20-4120-91C1-345FC2A0B395}.Debug|Any CPU.ActiveCfg = Debug|Any CPU
		{92DDBA7C-1C20-4120-91C1-345FC2A0B395}.Debug|Any CPU.Build.0 = Debug|Any CPU
		{92DDBA7C-1C20-4120-91C1-345FC2A0B395}.Release|Any CPU.ActiveCfg = Release|Any CPU
		{92DDBA7C-1C20-4120-91C1-345FC2A0B395}.Release|Any CPU.Build.0 = Release|Any CPU
		{D948D931-556A-4F5A-9005-FE88C6433693}.Debug|Any CPU.ActiveCfg = Debug|Any CPU
		{D948D931-556A-4F5A-9005-FE88C6433693}.Debug|Any CPU.Build.0 = Debug|Any CPU
		{D948D931-556A-4F5A-9005-FE88C6433693}.Release|Any CPU.ActiveCfg = Release|Any CPU
		{D948D931-556A-4F5A-9005-FE88C6433693}.Release|Any CPU.Build.0 = Release|Any CPU
	EndGlobalSection
	GlobalSection(SolutionProperties) = preSolution
		HideSolutionNode = FALSE
	EndGlobalSection
	GlobalSection(ExtensibilityGlobals) = postSolution
		SolutionGuid = {61F7FB11-1E47-470C-91E2-47F8143E1572}
	EndGlobalSection
EndGlobal
